
Microsoft Visual Studio Solution File, Format Version 12.00
# Visual Studio Version 17
VisualStudioVersion = 17.5.33502.453
MinimumVisualStudioVersion = 10.0.40219.1
Project("{8BC9CEB8-8B4A-11D0-8D11-00A0C91BC942}") = "kelas_online", "kelas_online\kelas_online.vcxproj", "{CF238F95-9B25-423B-9719-9C2BFA56238C}"
EndProject
Project("{8BC9CEB8-8B4A-11D0-8D11-00A0C91BC942}") = "looping", "looping\looping.vcxproj", "{3953AFE1-3A95-417B-B735-CAF4F9ED7A2F}"
EndProject
Global
	GlobalSection(SolutionConfigurationPlatforms) = preSolution
		Debug|x64 = Debug|x64
		Debug|x86 = Debug|x86
		Release|x64 = Release|x64
		Release|x86 = Release|x86
	EndGlobalSection
	GlobalSection(ProjectConfigurationPlatforms) = postSolution
		{CF238F95-9B25-423B-9719-9C2BFA56238C}.Debug|x64.ActiveCfg = Debug|x64
		{CF238F95-9B25-423B-9719-9C2BFA56238C}.Debug|x64.Build.0 = Debug|x64
		{CF238F95-9B25-423B-9719-9C2BFA56238C}.Debug|x86.ActiveCfg = Debug|Win32
		{CF238F95-9B25-423B-9719-9C2BFA56238C}.Debug|x86.Build.0 = Debug|Win32
		{CF238F95-9B25-423B-9719-9C2BFA56238C}.Release|x64.ActiveCfg = Release|x64
		{CF238F95-9B25-423B-9719-9C2BFA56238C}.Release|x64.Build.0 = Release|x64
		{CF238F95-9B25-423B-9719-9C2BFA56238C}.Release|x86.ActiveCfg = Release|Win32
		{CF238F95-9B25-423B-9719-9C2BFA56238C}.Release|x86.Build.0 = Release|Win32
		{3953AFE1-3A95-417B-B735-CAF4F9ED7A2F}.Debug|x64.ActiveCfg = Debug|x64
		{3953AFE1-3A95-417B-B735-CAF4F9ED7A2F}.Debug|x64.Build.0 = Debug|x64
		{3953AFE1-3A95-417B-B735-CAF4F9ED7A2F}.Debug|x86.ActiveCfg = Debug|Win32
		{3953AFE1-3A95-417B-B735-CAF4F9ED7A2F}.Debug|x86.Build.0 = Debug|Win32
		{3953AFE1-3A95-417B-B735-CAF4F9ED7A2F}.Release|x64.ActiveCfg = Release|x64
		{3953AFE1-3A95-417B-B735-CAF4F9ED7A2F}.Release|x64.Build.0 = Release|x64
		{3953AFE1-3A95-417B-B735-CAF4F9ED7A2F}.Release|x86.ActiveCfg = Release|Win32
		{3953AFE1-3A95-417B-B735-CAF4F9ED7A2F}.Release|x86.Build.0 = Release|Win32
	EndGlobalSection
	GlobalSection(SolutionProperties) = preSolution
		HideSolutionNode = FALSE
	EndGlobalSection
	GlobalSection(ExtensibilityGlobals) = postSolution
		SolutionGuid = {B8F4C528-6962-46BF-A832-C090B8CBADE5}
	EndGlobalSection
EndGlobal
